# This file is autogenerated, do not edit; changes may be undone by the next 'dep ensure'.


[[projects]]
  digest = "1:c84a587136cb69cecc11f3dbe9f9001444044c0dba74997b07f7e4c150b07cda"
  name = "github.com/DATA-DOG/go-sqlmock"
  packages = ["."]
  pruneopts = "UT"
  revision = "3f9954f6f6697845b082ca57995849ddf614f450"
  version = "v1.3.3"

[[projects]]
  digest = "1:1b487fd946176530c6c3669e55108e4ee45e1bd1ea0a630e28e3a173352d93e8"
  name = "github.com/ericlagergren/decimal"
  packages = [
    ".",
    "internal/arith",
    "internal/arith/checked",
    "internal/c",
  ]
  pruneopts = "UT"
  revision = "73749d4874d5d3efba704f6046eae0517f998f4e"
  version = "v3.3.1"

[[projects]]
  digest = "1:abeb38ade3f32a92943e5be54f55ed6d6e3b6602761d74b4aab4c9dd45c18abd"
  name = "github.com/fsnotify/fsnotify"
  packages = ["."]
  pruneopts = "UT"
  revision = "c2828203cd70a50dcccfb2761f8b1f8ceef9a8e9"
  version = "v1.4.7"

[[projects]]
  digest = "1:bed9d72d596f94e65fff37f4d6c01398074a6bb1c3f3ceff963516bd01db6ff5"
  name = "github.com/gofrs/uuid"
  packages = ["."]
  pruneopts = "UT"
  revision = "6b08a5c5172ba18946672b49749cde22873dd7c2"
  version = "v3.2.0"

[[projects]]
  digest = "1:d11309893a17c6f3d487c09d5be0cb6c023d05453558a6afbb17d44af2fded3b"
  name = "github.com/golang-migrate/migrate"
  packages = [
    ".",
    "database",
    "database/postgres",
    "source",
    "source/file",
  ]
  pruneopts = "UT"
  revision = "93d53a5ae84d81945eedadfe8f6865530d61d51c"
  version = "v3.5.1"

[[projects]]
  digest = "1:0c319c6984a4ebc10318e02005e5244642a28ec5d3d9c636f41c99bb8405842f"
  name = "github.com/google/go-github"
  packages = ["github"]
  pruneopts = "UT"
  revision = "94cd03c0c0b858a66ea286baedd59e66ef3f21dd"
  version = "v22.0.0"

[[projects]]
  digest = "1:a63cff6b5d8b95638bfe300385d93b2a6d9d687734b863da8e09dc834510a690"
  name = "github.com/google/go-querystring"
  packages = ["query"]
  pruneopts = "UT"
  revision = "44c6ddd0a2342c386950e880b658017258da92fc"
  version = "v1.0.0"

[[projects]]
  digest = "1:ca59b1175189b3f0e9f1793d2c350114be36eaabbe5b9f554b35edee1de50aea"
  name = "github.com/gorilla/mux"
  packages = ["."]
  pruneopts = "UT"
  revision = "a7962380ca08b5a188038c69871b8d3fbdf31e89"
  version = "v1.7.0"

[[projects]]
  digest = "1:7b5c6e2eeaa9ae5907c391a91c132abfd5c9e8a784a341b5625e750c67e6825d"
  name = "github.com/gorilla/websocket"
  packages = ["."]
  pruneopts = "UT"
  revision = "66b9c49e59c6c48f0ffce28c2d8b8a5678502c6d"
  version = "v1.4.0"

[[projects]]
  digest = "1:c0d19ab64b32ce9fe5cf4ddceba78d5bc9807f0016db6b1183599da3dcc24d10"
  name = "github.com/hashicorp/hcl"
  packages = [
    ".",
    "hcl/ast",
    "hcl/parser",
    "hcl/printer",
    "hcl/scanner",
    "hcl/strconv",
    "hcl/token",
    "json/parser",
    "json/scanner",
    "json/token",
  ]
  pruneopts = "UT"
  revision = "8cb6e5b959231cc1119e43259c4a608f9c51a241"
  version = "v1.0.0"

[[projects]]
  digest = "1:c4eaf5c51409d14be6b1010ac6ee6c0f54df8254e508fd3490700a22c7eadc16"
  name = "github.com/kat-co/vala"
  packages = ["."]
  pruneopts = "UT"
  revision = "bfe9b50e828ad56312e486cbf4165ff1ac3a9bae"
  version = "v1"

[[projects]]
  branch = "master"
  digest = "1:7cefc4f7f6a411c2598d3344563e4d23fd4e4d88fd1591831fe39cccff41ad28"
  name = "github.com/lib/pq"
  packages = [
    ".",
    "oid",
  ]
  pruneopts = "UT"
  revision = "9eb73efc1fcc404148b56765b0d3f61d9a5ef8ee"

[[projects]]
  digest = "1:c568d7727aa262c32bdf8a3f7db83614f7af0ed661474b24588de635c20024c7"
  name = "github.com/magiconair/properties"
  packages = ["."]
  pruneopts = "UT"
  revision = "c2353362d570a7bfa228149c62842019201cfb71"
  version = "v1.8.0"

[[projects]]
  digest = "1:53bc4cd4914cd7cd52139990d5170d6dc99067ae31c56530621b18b35fc30318"
  name = "github.com/mitchellh/mapstructure"
  packages = ["."]
  pruneopts = "UT"
  revision = "3536a929edddb9a5b34bd6861dc4a9647cb459fe"
  version = "v1.1.2"

[[projects]]
  digest = "1:7711bc85fa91b919713feda232ffe0bd4ebb0e8426b9c0de6c6f476e0eb9b7c2"
  name = "github.com/nlopes/slack"
  packages = [
    ".",
    "slackutilsx",
  ]
  pruneopts = "UT"
  revision = "a7deeca7935c178aa865249bab511daf816288ba"
  version = "v0.5.0"

[[projects]]
  digest = "1:95741de3af260a92cc5c7f3f3061e85273f5a81b5db20d4bd68da74bd521675e"
  name = "github.com/pelletier/go-toml"
  packages = ["."]
  pruneopts = "UT"
  revision = "c01d1270ff3e442a8a57cddc1c92dc1138598194"
  version = "v1.2.0"

[[projects]]
  digest = "1:cf31692c14422fa27c83a05292eb5cbe0fb2775972e8f1f8446a71549bd8980b"
  name = "github.com/pkg/errors"
  packages = ["."]
  pruneopts = "UT"
  revision = "ba968bfe8b2f7e042a574c888954fccecfa385b4"
  version = "v0.8.1"

[[projects]]
  digest = "1:ed615c5430ecabbb0fb7629a182da65ecee6523900ac1ac932520860878ffcad"
  name = "github.com/robfig/cron"
  packages = ["."]
  pruneopts = "UT"
  revision = "b41be1df696709bb6395fe435af20370037c0b4c"
  version = "v1.1"

[[projects]]
  digest = "1:d707dbc1330c0ed177d4642d6ae102d5e2c847ebd0eb84562d0dc4f024531cfc"
  name = "github.com/spf13/afero"
  packages = [
    ".",
    "mem",
  ]
  pruneopts = "UT"
  revision = "a5d6946387efe7d64d09dcba68cdd523dc1273a3"
  version = "v1.2.0"

[[projects]]
  digest = "1:08d65904057412fc0270fc4812a1c90c594186819243160dc779a402d4b6d0bc"
  name = "github.com/spf13/cast"
  packages = ["."]
  pruneopts = "UT"
  revision = "8c9545af88b134710ab1cd196795e7f2388358d7"
  version = "v1.3.0"

[[projects]]
  digest = "1:68ea4e23713989dc20b1bded5d9da2c5f9be14ff9885beef481848edd18c26cb"
  name = "github.com/spf13/jwalterweatherman"
  packages = ["."]
  pruneopts = "UT"
  revision = "4a4406e478ca629068e7768fc33f3f044173c0a6"
  version = "v1.0.0"

[[projects]]
  digest = "1:c1b1102241e7f645bc8e0c22ae352e8f0dc6484b6cb4d132fa9f24174e0119e2"
  name = "github.com/spf13/pflag"
  packages = ["."]
  pruneopts = "UT"
  revision = "298182f68c66c05229eb03ac171abe6e309ee79a"
  version = "v1.0.3"

[[projects]]
  digest = "1:59e7dceb53b4a1e57eb1eb0bf9951ff0c25912df7660004a789b62b4e8cdca3b"
  name = "github.com/spf13/viper"
  packages = ["."]
  pruneopts = "UT"
  revision = "b5e8006cbee93ec955a89ab31e0e3ce3204f3736"
  version = "v1.0.2"

[[projects]]
  branch = "master"
  digest = "1:dd70bca92c5f88f5d6a098eaa570f604d52a460d82b81e1418c9559f6a742612"
  name = "github.com/volatiletech/inflect"
  packages = ["."]
  pruneopts = "UT"
  revision = "e7201282ae8da26cd97aed2e516f75c0bd91bb93"

[[projects]]
  digest = "1:218426218c1e963d3b3aac87793033ab444626943452449c830cc9c92004b1ac"
  name = "github.com/volatiletech/null"
  packages = [
    ".",
    "convert",
  ]
  pruneopts = "UT"
  revision = "0681ee3b5e046ac8bfbbd3999e79d3905e96972f"
  version = "v8.0.0"

[[projects]]
  digest = "1:42f4a818f071231a4f4ded424393d864c3149786ccc0ec80a7262e74abc0a127"
  name = "github.com/volatiletech/sqlboiler"
  packages = [
    "boil",
    "drivers",
    "drivers/sqlboiler-psql/driver",
    "importers",
    "queries",
    "queries/qm",
    "queries/qmhelper",
    "randomize",
    "strmangle",
    "types",
  ]
  pruneopts = "UT"
  revision = "df8550538fefdf62f2520e74dbfad73f1bcb84a2"
  version = "v3.2.0"

[[projects]]
  branch = "master"
  digest = "1:db12953ac7a80656b159265fe13146959beaada45938a532f484a3aeb289462e"
  name = "golang.org/x/sys"
  packages = ["unix"]
  pruneopts = "UT"
  revision = "b90733256f2e882e81d52f9126de08df5615afd9"

[[projects]]
  digest = "1:8029e9743749d4be5bc9f7d42ea1659471767860f0cdc34d37c3111bd308a295"
  name = "golang.org/x/text"
  packages = [
    "internal/gen",
    "internal/triegen",
    "internal/ucd",
    "transform",
    "unicode/cldr",
    "unicode/norm",
  ]
  pruneopts = "UT"
  revision = "f21a4dfb5e38f5895301dc265a8def02365cc3d0"
  version = "v0.3.0"

[[projects]]
  digest = "1:4d2e5a73dc1500038e504a8d78b986630e3626dc027bc030ba5c75da257cdb96"
  name = "gopkg.in/yaml.v2"
  packages = ["."]
  pruneopts = "UT"
  revision = "51d6538a90f86fe93ac480b35f37b2be17fef232"
  version = "v2.2.2"

[solve-meta]
  analyzer-name = "dep"
  analyzer-version = 1
  input-imports = [
    "github.com/DATA-DOG/go-sqlmock",
    "github.com/golang-migrate/migrate",
    "github.com/golang-migrate/migrate/database/postgres",
    "github.com/golang-migrate/migrate/source/file",
    "github.com/google/go-github/github",
    "github.com/gorilla/mux",
    "github.com/kat-co/vala",
    "github.com/lib/pq",
    "github.com/nlopes/slack",
    "github.com/pkg/errors",
    "github.com/robfig/cron",
    "github.com/spf13/viper",
    "github.com/volatiletech/sqlboiler/boil",
    "github.com/volatiletech/sqlboiler/drivers",
    "github.com/volatiletech/sqlboiler/drivers/sqlboiler-psql/driver",
    "github.com/volatiletech/sqlboiler/queries",
    "github.com/volatiletech/sqlboiler/queries/qm",
    "github.com/volatiletech/sqlboiler/queries/qmhelper",
    "github.com/volatiletech/sqlboiler/randomize",
    "github.com/volatiletech/sqlboiler/strmangle",
    "github.com/volatiletech/sqlboiler/types",
  ]
  solver-name = "gps-cdcl"
  solver-version = 1
